// !$*UTF8*$!
{
	archiveVersion = 1;
	classes = {
	};
	objectVersion = 56;
	objects = {

/* Begin PBXBuildFile section */
		828AACE52A566E5500E823BF /* AppDelegate.swift in Sources */ = {isa = PBXBuildFile; fileRef = 828AACE42A566E5500E823BF /* AppDelegate.swift */; };
		828AACE72A566E5500E823BF /* SceneDelegate.swift in Sources */ = {isa = PBXBuildFile; fileRef = 828AACE62A566E5500E823BF /* SceneDelegate.swift */; };
		828AACE92A566E5500E823BF /* ViewController.swift in Sources */ = {isa = PBXBuildFile; fileRef = 828AACE82A566E5500E823BF /* ViewController.swift */; };
		828AACEC2A566E5500E823BF /* Main.storyboard in Resources */ = {isa = PBXBuildFile; fileRef = 828AACEA2A566E5500E823BF /* Main.storyboard */; };
		828AACEE2A566E5600E823BF /* Assets.xcassets in Resources */ = {isa = PBXBuildFile; fileRef = 828AACED2A566E5600E823BF /* Assets.xcassets */; };
		828AACF12A566E5600E823BF /* LaunchScreen.storyboard in Resources */ = {isa = PBXBuildFile; fileRef = 828AACEF2A566E5600E823BF /* LaunchScreen.storyboard */; };
		828AACFC2A566E5600E823BF /* my_practice_2Tests.swift in Sources */ = {isa = PBXBuildFile; fileRef = 828AACFB2A566E5600E823BF /* my_practice_2Tests.swift */; };
		828AAD062A566E5600E823BF /* my_practice_2UITests.swift in Sources */ = {isa = PBXBuildFile; fileRef = 828AAD052A566E5600E823BF /* my_practice_2UITests.swift */; };
		828AAD082A566E5600E823BF /* my_practice_2UITestsLaunchTests.swift in Sources */ = {isa = PBXBuildFile; fileRef = 828AAD072A566E5600E823BF /* my_practice_2UITestsLaunchTests.swift */; };
/* End PBXBuildFile section */

/* Begin PBXContainerItemProxy section */
		828AACF82A566E5600E823BF /* PBXContainerItemProxy */ = {
			isa = PBXContainerItemProxy;
			containerPortal = 828AACD92A566E5500E823BF /* Project object */;
			proxyType = 1;
			remoteGlobalIDString = 828AACE02A566E5500E823BF;
			remoteInfo = my_practice_2;
		};
		828AAD022A566E5600E823BF /* PBXContainerItemProxy */ = {
			isa = PBXContainerItemProxy;
			containerPortal = 828AACD92A566E5500E823BF /* Project object */;
			proxyType = 1;
			remoteGlobalIDString = 828AACE02A566E5500E823BF;
			remoteInfo = my_practice_2;
		};
/* End PBXContainerItemProxy section */

/* Begin PBXFileReference section */
		828AACE12A566E5500E823BF /* my_practice_2.app */ = {isa = PBXFileReference; explicitFileType = wrapper.application; includeInIndex = 0; path = my_practice_2.app; sourceTree = BUILT_PRODUCTS_DIR; };
		828AACE42A566E5500E823BF /* AppDelegate.swift */ = {isa = PBXFileReference; lastKnownFileType = sourcecode.swift; path = AppDelegate.swift; sourceTree = "<group>"; };
		828AACE62A566E5500E823BF /* SceneDelegate.swift */ = {isa = PBXFileReference; lastKnownFileType = sourcecode.swift; path = SceneDelegate.swift; sourceTree = "<group>"; };
		828AACE82A566E5500E823BF /* ViewController.swift */ = {isa = PBXFileReference; lastKnownFileType = sourcecode.swift; path = ViewController.swift; sourceTree = "<group>"; };
		828AACEB2A566E5500E823BF /* Base */ = {isa = PBXFileReference; lastKnownFileType = file.storyboard; name = Base; path = Base.lproj/Main.storyboard; sourceTree = "<group>"; };
		828AACED2A566E5600E823BF /* Assets.xcassets */ = {isa = PBXFileReference; lastKnownFileType = folder.assetcatalog; path = Assets.xcassets; sourceTree = "<group>"; };
		828AACF02A566E5600E823BF /* Base */ = {isa = PBXFileReference; lastKnownFileType = file.storyboard; name = Base; path = Base.lproj/LaunchScreen.storyboard; sourceTree = "<group>"; };
		828AACF22A566E5600E823BF /* Info.plist */ = {isa = PBXFileReference; lastKnownFileType = text.plist.xml; path = Info.plist; sourceTree = "<group>"; };
		828AACF72A566E5600E823BF /* my_practice_2Tests.xctest */ = {isa = PBXFileReference; explicitFileType = wrapper.cfbundle; includeInIndex = 0; path = my_practice_2Tests.xctest; sourceTree = BUILT_PRODUCTS_DIR; };
		828AACFB2A566E5600E823BF /* my_practice_2Tests.swift */ = {isa = PBXFileReference; lastKnownFileType = sourcecode.swift; path = my_practice_2Tests.swift; sourceTree = "<group>"; };
		828AAD012A566E5600E823BF /* my_practice_2UITests.xctest */ = {isa = PBXFileReference; explicitFileType = wrapper.cfbundle; includeInIndex = 0; path = my_practice_2UITests.xctest; sourceTree = BUILT_PRODUCTS_DIR; };
		828AAD052A566E5600E823BF /* my_practice_2UITests.swift */ = {isa = PBXFileReference; lastKnownFileType = sourcecode.swift; path = my_practice_2UITests.swift; sourceTree = "<group>"; };
		828AAD072A566E5600E823BF /* my_practice_2UITestsLaunchTests.swift */ = {isa = PBXFileReference; lastKnownFileType = sourcecode.swift; path = my_practice_2UITestsLaunchTests.swift; sourceTree = "<group>"; };
/* End PBXFileReference section */

/* Begin PBXFrameworksBuildPhase section */
		828AACDE2A566E5500E823BF /* Frameworks */ = {
			isa = PBXFrameworksBuildPhase;
			buildActionMask = 2147483647;
			files = (
			);
			runOnlyForDeploymentPostprocessing = 0;
		};
		828AACF42A566E5600E823BF /* Frameworks */ = {
			isa = PBXFrameworksBuildPhase;
			buildActionMask = 2147483647;
			files = (
			);
			runOnlyForDeploymentPostprocessing = 0;
		};
		828AACFE2A566E5600E823BF /* Frameworks */ = {
			isa = PBXFrameworksBuildPhase;
			buildActionMask = 2147483647;
			files = (
			);
			runOnlyForDeploymentPostprocessing = 0;
		};
/* End PBXFrameworksBuildPhase section */

/* Begin PBXGroup section */
		828AACD82A566E5500E823BF = {
			isa = PBXGroup;
			children = (
				828AACE32A566E5500E823BF /* my_practice_2 */,
				828AACFA2A566E5600E823BF /* my_practice_2Tests */,
				828AAD042A566E5600E823BF /* my_practice_2UITests */,
				828AACE22A566E5500E823BF /* Products */,
			);
			sourceTree = "<group>";
		};
		828AACE22A566E5500E823BF /* Products */ = {
			isa = PBXGroup;
			children = (
				828AACE12A566E5500E823BF /* my_practice_2.app */,
				828AACF72A566E5600E823BF /* my_practice_2Tests.xctest */,
				828AAD012A566E5600E823BF /* my_practice_2UITests.xctest */,
			);
			name = Products;
			sourceTree = "<group>";
		};
		828AACE32A566E5500E823BF /* my_practice_2 */ = {
			isa = PBXGroup;
			children = (
				828AACE42A566E5500E823BF /* AppDelegate.swift */,
				828AACE62A566E5500E823BF /* SceneDelegate.swift */,
				828AACE82A566E5500E823BF /* ViewController.swift */,
				828AACEA2A566E5500E823BF /* Main.storyboard */,
				828AACED2A566E5600E823BF /* Assets.xcassets */,
				828AACEF2A566E5600E823BF /* LaunchScreen.storyboard */,
				828AACF22A566E5600E823BF /* Info.plist */,
			);
			path = my_practice_2;
			sourceTree = "<group>";
		};
		828AACFA2A566E5600E823BF /* my_practice_2Tests */ = {
			isa = PBXGroup;
			children = (
				828AACFB2A566E5600E823BF /* my_practice_2Tests.swift */,
			);
			path = my_practice_2Tests;
			sourceTree = "<group>";
		};
		828AAD042A566E5600E823BF /* my_practice_2UITests */ = {
			isa = PBXGroup;
			children = (
				828AAD052A566E5600E823BF /* my_practice_2UITests.swift */,
				828AAD072A566E5600E823BF /* my_practice_2UITestsLaunchTests.swift */,
			);
			path = my_practice_2UITests;
			sourceTree = "<group>";
		};
/* End PBXGroup section */

/* Begin PBXNativeTarget section */
		828AACE02A566E5500E823BF /* my_practice_2 */ = {
			isa = PBXNativeTarget;
			buildConfigurationList = 828AAD0B2A566E5600E823BF /* Build configuration list for PBXNativeTarget "my_practice_2" */;
			buildPhases = (
				828AACDD2A566E5500E823BF /* Sources */,
				828AACDE2A566E5500E823BF /* Frameworks */,
				828AACDF2A566E5500E823BF /* Resources */,
			);
			buildRules = (
			);
			dependencies = (
			);
			name = my_practice_2;
			productName = my_practice_2;
			productReference = 828AACE12A566E5500E823BF /* my_practice_2.app */;
			productType = "com.apple.product-type.application";
		};
		828AACF62A566E5600E823BF /* my_practice_2Tests */ = {
			isa = PBXNativeTarget;
			buildConfigurationList = 828AAD0E2A566E5600E823BF /* Build configuration list for PBXNativeTarget "my_practice_2Tests" */;
			buildPhases = (
				828AACF32A566E5600E823BF /* Sources */,
				828AACF42A566E5600E823BF /* Frameworks */,
				828AACF52A566E5600E823BF /* Resources */,
			);
			buildRules = (
			);
			dependencies = (
				828AACF92A566E5600E823BF /* PBXTargetDependency */,
			);
			name = my_practice_2Tests;
			productName = my_practice_2Tests;
			productReference = 828AACF72A566E5600E823BF /* my_practice_2Tests.xctest */;
			productType = "com.apple.product-type.bundle.unit-test";
		};
		828AAD002A566E5600E823BF /* my_practice_2UITests */ = {
			isa = PBXNativeTarget;
			buildConfigurationList = 828AAD112A566E5600E823BF /* Build configuration list for PBXNativeTarget "my_practice_2UITests" */;
			buildPhases = (
				828AACFD2A566E5600E823BF /* Sources */,
				828AACFE2A566E5600E823BF /* Frameworks */,
				828AACFF2A566E5600E823BF /* Resources */,
			);
			buildRules = (
			);
			dependencies = (
				828AAD032A566E5600E823BF /* PBXTargetDependency */,
			);
			name = my_practice_2UITests;
			productName = my_practice_2UITests;
			productReference = 828AAD012A566E5600E823BF /* my_practice_2UITests.xctest */;
			productType = "com.apple.product-type.bundle.ui-testing";
		};
/* End PBXNativeTarget section */

/* Begin PBXProject section */
		828AACD92A566E5500E823BF /* Project object */ = {
			isa = PBXProject;
			attributes = {
				BuildIndependentTargetsInParallel = 1;
				LastSwiftUpdateCheck = 1430;
				LastUpgradeCheck = 1430;
				TargetAttributes = {
					828AACE02A566E5500E823BF = {
						CreatedOnToolsVersion = 14.3.1;
					};
					828AACF62A566E5600E823BF = {
						CreatedOnToolsVersion = 14.3.1;
						TestTargetID = 828AACE02A566E5500E823BF;
					};
					828AAD002A566E5600E823BF = {
						CreatedOnToolsVersion = 14.3.1;
						TestTargetID = 828AACE02A566E5500E823BF;
					};
				};
			};
			buildConfigurationList = 828AACDC2A566E5500E823BF /* Build configuration list for PBXProject "my_practice_2" */;
			compatibilityVersion = "Xcode 14.0";
			developmentRegion = en;
			hasScannedForEncodings = 0;
			knownRegions = (
				en,
				Base,
			);
			mainGroup = 828AACD82A566E5500E823BF;
			productRefGroup = 828AACE22A566E5500E823BF /* Products */;
			projectDirPath = "";
			projectRoot = "";
			targets = (
				828AACE02A566E5500E823BF /* my_practice_2 */,
				828AACF62A566E5600E823BF /* my_practice_2Tests */,
				828AAD002A566E5600E823BF /* my_practice_2UITests */,
			);
		};
/* End PBXProject section */

/* Begin PBXResourcesBuildPhase section */
		828AACDF2A566E5500E823BF /* Resources */ = {
			isa = PBXResourcesBuildPhase;
			buildActionMask = 2147483647;
			files = (
				828AACF12A566E5600E823BF /* LaunchScreen.storyboard in Resources */,
				828AACEE2A566E5600E823BF /* Assets.xcassets in Resources */,
				828AACEC2A566E5500E823BF /* Main.storyboard in Resources */,
			);
			runOnlyForDeploymentPostprocessing = 0;
		};
		828AACF52A566E5600E823BF /* Resources */ = {
			isa = PBXResourcesBuildPhase;
			buildActionMask = 2147483647;
			files = (
			);
			runOnlyForDeploymentPostprocessing = 0;
		};
		828AACFF2A566E5600E823BF /* Resources */ = {
			isa = PBXResourcesBuildPhase;
			buildActionMask = 2147483647;
			files = (
			);
			runOnlyForDeploymentPostprocessing = 0;
		};
/* End PBXResourcesBuildPhase section */

/* Begin PBXSourcesBuildPhase section */
		828AACDD2A566E5500E823BF /* Sources */ = {
			isa = PBXSourcesBuildPhase;
			buildActionMask = 2147483647;
			files = (
				828AACE92A566E5500E823BF /* ViewController.swift in Sources */,
				828AACE52A566E5500E823BF /* AppDelegate.swift in Sources */,
				828AACE72A566E5500E823BF /* SceneDelegate.swift in Sources */,
			);
			runOnlyForDeploymentPostprocessing = 0;
		};
		828AACF32A566E5600E823BF /* Sources */ = {
			isa = PBXSourcesBuildPhase;
			buildActionMask = 2147483647;
			files = (
				828AACFC2A566E5600E823BF /* my_practice_2Tests.swift in Sources */,
			);
			runOnlyForDeploymentPostprocessing = 0;
		};
		828AACFD2A566E5600E823BF /* Sources */ = {
			isa = PBXSourcesBuildPhase;
			buildActionMask = 2147483647;
			files = (
				828AAD082A566E5600E823BF /* my_practice_2UITestsLaunchTests.swift in Sources */,
				828AAD062A566E5600E823BF /* my_practice_2UITests.swift in Sources */,
			);
			runOnlyForDeploymentPostprocessing = 0;
		};
/* End PBXSourcesBuildPhase section */

/* Begin PBXTargetDependency section */
		828AACF92A566E5600E823BF /* PBXTargetDependency */ = {
			isa = PBXTargetDependency;
			target = 828AACE02A566E5500E823BF /* my_practice_2 */;
			targetProxy = 828AACF82A566E5600E823BF /* PBXContainerItemProxy */;
		};
		828AAD032A566E5600E823BF /* PBXTargetDependency */ = {
			isa = PBXTargetDependency;
			target = 828AACE02A566E5500E823BF /* my_practice_2 */;
			targetProxy = 828AAD022A566E5600E823BF /* PBXContainerItemProxy */;
		};
/* End PBXTargetDependency section */

/* Begin PBXVariantGroup section */
		828AACEA2A566E5500E823BF /* Main.storyboard */ = {
			isa = PBXVariantGroup;
			children = (
				828AACEB2A566E5500E823BF /* Base */,
			);
			name = Main.storyboard;
			sourceTree = "<group>";
		};
		828AACEF2A566E5600E823BF /* LaunchScreen.storyboard */ = {
			isa = PBXVariantGroup;
			children = (
				828AACF02A566E5600E823BF /* Base */,
			);
			name = LaunchScreen.storyboard;
			sourceTree = "<group>";
		};
/* End PBXVariantGroup section */

/* Begin XCBuildConfiguration section */
		828AAD092A566E5600E823BF /* Debug */ = {
			isa = XCBuildConfiguration;
			buildSettings = {
				ALWAYS_SEARCH_USER_PATHS = NO;
				CLANG_ANALYZER_NONNULL = YES;
				CLANG_ANALYZER_NUMBER_OBJECT_CONVERSION = YES_AGGRESSIVE;
				CLANG_CXX_LANGUAGE_STANDARD = "gnu++20";
				CLANG_ENABLE_MODULES = YES;
				CLANG_ENABLE_OBJC_ARC = YES;
				CLANG_ENABLE_OBJC_WEAK = YES;
				CLANG_WARN_BLOCK_CAPTURE_AUTORELEASING = YES;
				CLANG_WARN_BOOL_CONVERSION = YES;
				CLANG_WARN_COMMA = YES;
				CLANG_WARN_CONSTANT_CONVERSION = YES;
				CLANG_WARN_DEPRECATED_OBJC_IMPLEMENTATIONS = YES;
				CLANG_WARN_DIRECT_OBJC_ISA_USAGE = YES_ERROR;
				CLANG_WARN_DOCUMENTATION_COMMENTS = YES;
				CLANG_WARN_EMPTY_BODY = YES;
				CLANG_WARN_ENUM_CONVERSION = YES;
				CLANG_WARN_INFINITE_RECURSION = YES;
				CLANG_WARN_INT_CONVERSION = YES;
				CLANG_WARN_NON_LITERAL_NULL_CONVERSION = YES;
				CLANG_WARN_OBJC_IMPLICIT_RETAIN_SELF = YES;
				CLANG_WARN_OBJC_LITERAL_CONVERSION = YES;
				CLANG_WARN_OBJC_ROOT_CLASS = YES_ERROR;
				CLANG_WARN_QUOTED_INCLUDE_IN_FRAMEWORK_HEADER = YES;
				CLANG_WARN_RANGE_LOOP_ANALYSIS = YES;
				CLANG_WARN_STRICT_PROTOTYPES = YES;
				CLANG_WARN_SUSPICIOUS_MOVE = YES;
				CLANG_WARN_UNGUARDED_AVAILABILITY = YES_AGGRESSIVE;
				CLANG_WARN_UNREACHABLE_CODE = YES;
				CLANG_WARN__DUPLICATE_METHOD_MATCH = YES;
				COPY_PHASE_STRIP = NO;
				DEBUG_INFORMATION_FORMAT = dwarf;
				ENABLE_STRICT_OBJC_MSGSEND = YES;
				ENABLE_TESTABILITY = YES;
				GCC_C_LANGUAGE_STANDARD = gnu11;
				GCC_DYNAMIC_NO_PIC = NO;
				GCC_NO_COMMON_BLOCKS = YES;
				GCC_OPTIMIZATION_LEVEL = 0;
				GCC_PREPROCESSOR_DEFINITIONS = (
					"DEBUG=1",
					"$(inherited)",
				);
				GCC_WARN_64_TO_32_BIT_CONVERSION = YES;
				GCC_WARN_ABOUT_RETURN_TYPE = YES_ERROR;
				GCC_WARN_UNDECLARED_SELECTOR = YES;
				GCC_WARN_UNINITIALIZED_AUTOS = YES_AGGRESSIVE;
				GCC_WARN_UNUSED_FUNCTION = YES;
				GCC_WARN_UNUSED_VARIABLE = YES;
				IPHONEOS_DEPLOYMENT_TARGET = 16.4;
				MTL_ENABLE_DEBUG_INFO = INCLUDE_SOURCE;
				MTL_FAST_MATH = YES;
				ONLY_ACTIVE_ARCH = YES;
				SDKROOT = iphoneos;
				SWIFT_ACTIVE_COMPILATION_CONDITIONS = DEBUG;
				SWIFT_OPTIMIZATION_LEVEL = "-Onone";
			};
			name = Debug;
		};
		828AAD0A2A566E5600E823BF /* Release */ = {
			isa = XCBuildConfiguration;
			buildSettings = {
				ALWAYS_SEARCH_USER_PATHS = NO;
				CLANG_ANALYZER_NONNULL = YES;
				CLANG_ANALYZER_NUMBER_OBJECT_CONVERSION = YES_AGGRESSIVE;
				CLANG_CXX_LANGUAGE_STANDARD = "gnu++20";
				CLANG_ENABLE_MODULES = YES;
				CLANG_ENABLE_OBJC_ARC = YES;
				CLANG_ENABLE_OBJC_WEAK = YES;
				CLANG_WARN_BLOCK_CAPTURE_AUTORELEASING = YES;
				CLANG_WARN_BOOL_CONVERSION = YES;
				CLANG_WARN_COMMA = YES;
				CLANG_WARN_CONSTANT_CONVERSION = YES;
				CLANG_WARN_DEPRECATED_OBJC_IMPLEMENTATIONS = YES;
				CLANG_WARN_DIRECT_OBJC_ISA_USAGE = YES_ERROR;
				CLANG_WARN_DOCUMENTATION_COMMENTS = YES;
				CLANG_WARN_EMPTY_BODY = YES;
				CLANG_WARN_ENUM_CONVERSION = YES;
				CLANG_WARN_INFINITE_RECURSION = YES;
				CLANG_WARN_INT_CONVERSION = YES;
				CLANG_WARN_NON_LITERAL_NULL_CONVERSION = YES;
				CLANG_WARN_OBJC_IMPLICIT_RETAIN_SELF = YES;
				CLANG_WARN_OBJC_LITERAL_CONVERSION = YES;
				CLANG_WARN_OBJC_ROOT_CLASS = YES_ERROR;
				CLANG_WARN_QUOTED_INCLUDE_IN_FRAMEWORK_HEADER = YES;
				CLANG_WARN_RANGE_LOOP_ANALYSIS = YES;
				CLANG_WARN_STRICT_PROTOTYPES = YES;
				CLANG_WARN_SUSPICIOUS_MOVE = YES;
				CLANG_WARN_UNGUARDED_AVAILABILITY = YES_AGGRESSIVE;
				CLANG_WARN_UNREACHABLE_CODE = YES;
				CLANG_WARN__DUPLICATE_METHOD_MATCH = YES;
				COPY_PHASE_STRIP = NO;
				DEBUG_INFORMATION_FORMAT = "dwarf-with-dsym";
				ENABLE_NS_ASSERTIONS = NO;
				ENABLE_STRICT_OBJC_MSGSEND = YES;
				GCC_C_LANGUAGE_STANDARD = gnu11;
				GCC_NO_COMMON_BLOCKS = YES;
				GCC_WARN_64_TO_32_BIT_CONVERSION = YES;
				GCC_WARN_ABOUT_RETURN_TYPE = YES_ERROR;
				GCC_WARN_UNDECLARED_SELECTOR = YES;
				GCC_WARN_UNINITIALIZED_AUTOS = YES_AGGRESSIVE;
				GCC_WARN_UNUSED_FUNCTION = YES;
				GCC_WARN_UNUSED_VARIABLE = YES;
				IPHONEOS_DEPLOYMENT_TARGET = 16.4;
				MTL_ENABLE_DEBUG_INFO = NO;
				MTL_FAST_MATH = YES;
				SDKROOT = iphoneos;
				SWIFT_COMPILATION_MODE = wholemodule;
				SWIFT_OPTIMIZATION_LEVEL = "-O";
				VALIDATE_PRODUCT = YES;
			};
			name = Release;
		};
		828AAD0C2A566E5600E823BF /* Debug */ = {
			isa = XCBuildConfiguration;
			buildSettings = {
				ASSETCATALOG_COMPILER_APPICON_NAME = AppIcon;
				ASSETCATALOG_COMPILER_GLOBAL_ACCENT_COLOR_NAME = AccentColor;
				CODE_SIGN_STYLE = Automatic;
				CURRENT_PROJECT_VERSION = 1;
				DEVELOPMENT_TEAM = 977C44PQHL;
				GENERATE_INFOPLIST_FILE = YES;
				INFOPLIST_FILE = my_practice_2/Info.plist;
				INFOPLIST_KEY_UIApplicationSupportsIndirectInputEvents = YES;
				INFOPLIST_KEY_UILaunchStoryboardName = LaunchScreen;
				INFOPLIST_KEY_UIMainStoryboardFile = Main;
				INFOPLIST_KEY_UISupportedInterfaceOrientations_iPad = "UIInterfaceOrientationPortrait UIInterfaceOrientationPortraitUpsideDown UIInterfaceOrientationLandscapeLeft UIInterfaceOrientationLandscapeRight";
				INFOPLIST_KEY_UISupportedInterfaceOrientations_iPhone = "UIInterfaceOrientationPortrait UIInterfaceOrientationLandscapeLeft UIInterfaceOrientationLandscapeRight";
				LD_RUNPATH_SEARCH_PATHS = (
					"$(inherited)",
					"@executable_path/Frameworks",
				);
				MARKETING_VERSION = 1.0;
				PRODUCT_BUNDLE_IDENTIFIER = "tydevelopers.com.my-practice-2";
				PRODUCT_NAME = "$(TARGET_NAME)";
				SWIFT_EMIT_LOC_STRINGS = YES;
				SWIFT_VERSION = 5.0;
				TARGETED_DEVICE_FAMILY = "1,2";
			};
			name = Debug;
		};
		828AAD0D2A566E5600E823BF /* Release */ = {
			isa = XCBuildConfiguration;
			buildSettings = {
				ASSETCATALOG_COMPILER_APPICON_NAME = AppIcon;
				ASSETCATALOG_COMPILER_GLOBAL_ACCENT_COLOR_NAME = AccentColor;
				CODE_SIGN_STYLE = Automatic;
				CURRENT_PROJECT_VERSION = 1;
				DEVELOPMENT_TEAM = 977C44PQHL;
				GENERATE_INFOPLIST_FILE = YES;
				INFOPLIST_FILE = my_practice_2/Info.plist;
				INFOPLIST_KEY_UIApplicationSupportsIndirectInputEvents = YES;
				INFOPLIST_KEY_UILaunchStoryboardName = LaunchScreen;
				INFOPLIST_KEY_UIMainStoryboardFile = Main;
				INFOPLIST_KEY_UISupportedInterfaceOrientations_iPad = "UIInterfaceOrientationPortrait UIInterfaceOrientationPortraitUpsideDown UIInterfaceOrientationLandscapeLeft UIInterfaceOrientationLandscapeRight";
				INFOPLIST_KEY_UISupportedInterfaceOrientations_iPhone = "UIInterfaceOrientationPortrait UIInterfaceOrientationLandscapeLeft UIInterfaceOrientationLandscapeRight";
				LD_RUNPATH_SEARCH_PATHS = (
					"$(inherited)",
					"@executable_path/Frameworks",
				);
				MARKETING_VERSION = 1.0;
				PRODUCT_BUNDLE_IDENTIFIER = "tydevelopers.com.my-practice-2";
				PRODUCT_NAME = "$(TARGET_NAME)";
				SWIFT_EMIT_LOC_STRINGS = YES;
				SWIFT_VERSION = 5.0;
				TARGETED_DEVICE_FAMILY = "1,2";
			};
			name = Release;
		};
		828AAD0F2A566E5600E823BF /* Debug */ = {
			isa = XCBuildConfiguration;
			buildSettings = {
				ALWAYS_EMBED_SWIFT_STANDARD_LIBRARIES = YES;
				BUNDLE_LOADER = "$(TEST_HOST)";
				CODE_SIGN_STYLE = Automatic;
				CURRENT_PROJECT_VERSION = 1;
				DEVELOPMENT_TEAM = 977C44PQHL;
				GENERATE_INFOPLIST_FILE = YES;
				IPHONEOS_DEPLOYMENT_TARGET = 16.4;
				MARKETING_VERSION = 1.0;
				PRODUCT_BUNDLE_IDENTIFIER = "tydevelopers.com.my-practice-2Tests";
				PRODUCT_NAME = "$(TARGET_NAME)";
				SWIFT_EMIT_LOC_STRINGS = NO;
				SWIFT_VERSION = 5.0;
				TARGETED_DEVICE_FAMILY = "1,2";
				TEST_HOST = "$(BUILT_PRODUCTS_DIR)/my_practice_2.app/$(BUNDLE_EXECUTABLE_FOLDER_PATH)/my_practice_2";
			};
			name = Debug;
		};
		828AAD102A566E5600E823BF /* Release */ = {
			isa = XCBuildConfiguration;
			buildSettings = {
				ALWAYS_EMBED_SWIFT_STANDARD_LIBRARIES = YES;
				BUNDLE_LOADER = "$(TEST_HOST)";
				CODE_SIGN_STYLE = Automatic;
				CURRENT_PROJECT_VERSION = 1;
				DEVELOPMENT_TEAM = 977C44PQHL;
				GENERATE_INFOPLIST_FILE = YES;
				IPHONEOS_DEPLOYMENT_TARGET = 16.4;
				MARKETING_VERSION = 1.0;
				PRODUCT_BUNDLE_IDENTIFIER = "tydevelopers.com.my-practice-2Tests";
				PRODUCT_NAME = "$(TARGET_NAME)";
				SWIFT_EMIT_LOC_STRINGS = NO;
				SWIFT_VERSION = 5.0;
				TARGETED_DEVICE_FAMILY = "1,2";
				TEST_HOST = "$(BUILT_PRODUCTS_DIR)/my_practice_2.app/$(BUNDLE_EXECUTABLE_FOLDER_PATH)/my_practice_2";
			};
			name = Release;
		};
		828AAD122A566E5600E823BF /* Debug */ = {
			isa = XCBuildConfiguration;
			buildSettings = {
				ALWAYS_EMBED_SWIFT_STANDARD_LIBRARIES = YES;
				CODE_SIGN_STYLE = Automatic;
				CURRENT_PROJECT_VERSION = 1;
				DEVELOPMENT_TEAM = 977C44PQHL;
				GENERATE_INFOPLIST_FILE = YES;
				MARKETING_VERSION = 1.0;
				PRODUCT_BUNDLE_IDENTIFIER = "tydevelopers.com.my-practice-2UITests";
				PRODUCT_NAME = "$(TARGET_NAME)";
				SWIFT_EMIT_LOC_STRINGS = NO;
				SWIFT_VERSION = 5.0;
				TARGETED_DEVICE_FAMILY = "1,2";
				TEST_TARGET_NAME = my_practice_2;
			};
			name = Debug;
		};
		828AAD132A566E5600E823BF /* Release */ = {
			isa = XCBuildConfiguration;
			buildSettings = {
				ALWAYS_EMBED_SWIFT_STANDARD_LIBRARIES = YES;
				CODE_SIGN_STYLE = Automatic;
				CURRENT_PROJECT_VERSION = 1;
				DEVELOPMENT_TEAM = 977C44PQHL;
				GENERATE_INFOPLIST_FILE = YES;
				MARKETING_VERSION = 1.0;
				PRODUCT_BUNDLE_IDENTIFIER = "tydevelopers.com.my-practice-2UITests";
				PRODUCT_NAME = "$(TARGET_NAME)";
				SWIFT_EMIT_LOC_STRINGS = NO;
				SWIFT_VERSION = 5.0;
				TARGETED_DEVICE_FAMILY = "1,2";
				TEST_TARGET_NAME = my_practice_2;
			};
			name = Release;
		};
/* End XCBuildConfiguration section */

/* Begin XCConfigurationList section */
		828AACDC2A566E5500E823BF /* Build configuration list for PBXProject "my_practice_2" */ = {
			isa = XCConfigurationList;
			buildConfigurations = (
				828AAD092A566E5600E823BF /* Debug */,
				828AAD0A2A566E5600E823BF /* Release */,
			);
			defaultConfigurationIsVisible = 0;
			defaultConfigurationName = Release;
		};
		828AAD0B2A566E5600E823BF /* Build configuration list for PBXNativeTarget "my_practice_2" */ = {
			isa = XCConfigurationList;
			buildConfigurations = (
				828AAD0C2A566E5600E823BF /* Debug */,
				828AAD0D2A566E5600E823BF /* Release */,
			);
			defaultConfigurationIsVisible = 0;
			defaultConfigurationName = Release;
		};
		828AAD0E2A566E5600E823BF /* Build configuration list for PBXNativeTarget "my_practice_2Tests" */ = {
			isa = XCConfigurationList;
			buildConfigurations = (
				828AAD0F2A566E5600E823BF /* Debug */,
				828AAD102A566E5600E823BF /* Release */,
			);
			defaultConfigurationIsVisible = 0;
			defaultConfigurationName = Release;
		};
		828AAD112A566E5600E823BF /* Build configuration list for PBXNativeTarget "my_practice_2UITests" */ = {
			isa = XCConfigurationList;
			buildConfigurations = (
				828AAD122A566E5600E823BF /* Debug */,
				828AAD132A566E5600E823BF /* Release */,
			);
			defaultConfigurationIsVisible = 0;
			defaultConfigurationName = Release;
		};
/* End XCConfigurationList section */
	};
	rootObject = 828AACD92A566E5500E823BF /* Project object */;
}
